
Microsoft Visual Studio Solution File, Format Version 12.00
# Visual Studio Version 17
VisualStudioVersion = 17.14.36603.0
MinimumVisualStudioVersion = 10.0.40219.1
Project("{FAE04EC0-301F-11D3-BF4B-00C04F79EFBC}") = "InheritanceCS", "InheritanceCS\InheritanceCS.csproj", "{CFD7524D-6AF6-459E-A2A2-DB87603A7B12}"
EndProject
Project("{FAE04EC0-301F-11D3-BF4B-00C04F79EFBC}") = "Academy", "Academy\Academy.csproj", "{267AD149-1100-43DE-BDE8-A1D576801A97}"
EndProject
Project("{FAE04EC0-301F-11D3-BF4B-00C04F79EFBC}") = "AbstractGeometry", "AbstractGeometry\AbstractGeometry.csproj", "{78B92FFF-4246-4383-AA0F-BE0A6DECE87C}"
EndProject
Global
	GlobalSection(SolutionConfigurationPlatforms) = preSolution
		Debug|Any CPU = Debug|Any CPU
		Release|Any CPU = Release|Any CPU
	EndGlobalSection
	GlobalSection(ProjectConfigurationPlatforms) = postSolution
		{CFD7524D-6AF6-459E-A2A2-DB87603A7B12}.Debug|Any CPU.ActiveCfg = Debug|Any CPU
		{CFD7524D-6AF6-459E-A2A2-DB87603A7B12}.Debug|Any CPU.Build.0 = Debug|Any CPU
		{CFD7524D-6AF6-459E-A2A2-DB87603A7B12}.Release|Any CPU.ActiveCfg = Release|Any CPU
		{CFD7524D-6AF6-459E-A2A2-DB87603A7B12}.Release|Any CPU.Build.0 = Release|Any CPU
		{267AD149-1100-43DE-BDE8-A1D576801A97}.Debug|Any CPU.ActiveCfg = Debug|Any CPU
		{267AD149-1100-43DE-BDE8-A1D576801A97}.Debug|Any CPU.Build.0 = Debug|Any CPU
		{267AD149-1100-43DE-BDE8-A1D576801A97}.Release|Any CPU.ActiveCfg = Release|Any CPU
		{267AD149-1100-43DE-BDE8-A1D576801A97}.Release|Any CPU.Build.0 = Release|Any CPU
		{78B92FFF-4246-4383-AA0F-BE0A6DECE87C}.Debug|Any CPU.ActiveCfg = Debug|Any CPU
		{78B92FFF-4246-4383-AA0F-BE0A6DECE87C}.Debug|Any CPU.Build.0 = Debug|Any CPU
		{78B92FFF-4246-4383-AA0F-BE0A6DECE87C}.Release|Any CPU.ActiveCfg = Release|Any CPU
		{78B92FFF-4246-4383-AA0F-BE0A6DECE87C}.Release|Any CPU.Build.0 = Release|Any CPU
	EndGlobalSection
	GlobalSection(SolutionProperties) = preSolution
		HideSolutionNode = FALSE
	EndGlobalSection
	GlobalSection(ExtensibilityGlobals) = postSolution
		SolutionGuid = {CD35E26C-33E5-46DD-A61F-50A91D6E6AE0}
	EndGlobalSection
EndGlobal
